
Microsoft Visual Studio Solution File, Format Version 12.00
# Visual Studio Version 16
VisualStudioVersion = 25.0.1705.6
MinimumVisualStudioVersion = 10.0.40219.1
Project("{FAE04EC0-301F-11D3-BF4B-00C04F79EFBC}") = "assignment", "assignment\assignment.csproj", "{2F6EFEE6-C012-4AE5-BEB2-9C4CD68145E2}"
EndProject
Global
	GlobalSection(SolutionConfigurationPlatforms) = preSolution
		Debug|Any CPU = Debug|Any CPU
		Release|Any CPU = Release|Any CPU
	EndGlobalSection
	GlobalSection(ProjectConfigurationPlatforms) = postSolution
		{2F6EFEE6-C012-4AE5-BEB2-9C4CD68145E2}.Debug|Any CPU.ActiveCfg = Debug|Any CPU
		{2F6EFEE6-C012-4AE5-BEB2-9C4CD68145E2}.Debug|Any CPU.Build.0 = Debug|Any CPU
		{2F6EFEE6-C012-4AE5-BEB2-9C4CD68145E2}.Release|Any CPU.ActiveCfg = Release|Any CPU
		{2F6EFEE6-C012-4AE5-BEB2-9C4CD68145E2}.Release|Any CPU.Build.0 = Release|Any CPU
	EndGlobalSection
	GlobalSection(SolutionProperties) = preSolution
		HideSolutionNode = FALSE
	EndGlobalSection
	GlobalSection(ExtensibilityGlobals) = postSolution
		SolutionGuid = {3B2C15AA-62E4-45B9-8204-5970D25D0078}
	EndGlobalSection
EndGlobal
